
Microsoft Visual Studio Solution File, Format Version 12.00
# Visual Studio Version 16
VisualStudioVersion = 16.0.32106.194
MinimumVisualStudioVersion = 10.0.40219.1
Project("{FAE04EC0-301F-11D3-BF4B-00C04F79EFBC}") = "StaltInteractive2", "StaltInteractive2\StaltInteractive2.csproj", "{84ABB0C4-1EC0-4A64-8372-1033ADE6D4FE}"
EndProject
Global
	GlobalSection(SolutionConfigurationPlatforms) = preSolution
		Debug|Any CPU = Debug|Any CPU
		Release|Any CPU = Release|Any CPU
	EndGlobalSection
	GlobalSection(ProjectConfigurationPlatforms) = postSolution
		{84ABB0C4-1EC0-4A64-8372-1033ADE6D4FE}.Debug|Any CPU.ActiveCfg = Debug|Any CPU
		{84ABB0C4-1EC0-4A64-8372-1033ADE6D4FE}.Debug|Any CPU.Build.0 = Debug|Any CPU
		{84ABB0C4-1EC0-4A64-8372-1033ADE6D4FE}.Release|Any CPU.ActiveCfg = Release|Any CPU
		{84ABB0C4-1EC0-4A64-8372-1033ADE6D4FE}.Release|Any CPU.Build.0 = Release|Any CPU
	EndGlobalSection
	GlobalSection(SolutionProperties) = preSolution
		HideSolutionNode = FALSE
	EndGlobalSection
	GlobalSection(ExtensibilityGlobals) = postSolution
		SolutionGuid = {7C940F60-5167-4EA1-A8E9-692068093A76}
	EndGlobalSection
EndGlobal
